
Microsoft Visual Studio Solution File, Format Version 12.00
# Visual Studio Version 17
VisualStudioVersion = 17.4.33213.308
MinimumVisualStudioVersion = 10.0.40219.1
Project("{9A19103F-16F7-4668-BE54-9A1E7A4F7556}") = "VehiclesApi", "VehiclesApi\VehiclesApi.csproj", "{C87FCB73-3801-43E8-9867-1FB132BC1F6F}"
EndProject
Project("{9A19103F-16F7-4668-BE54-9A1E7A4F7556}") = "CustomersApi", "CustomersApi\CustomersApi.csproj", "{8E7D931C-0B3B-423F-A180-D4ABF43F62FC}"
EndProject
Project("{9A19103F-16F7-4668-BE54-9A1E7A4F7556}") = "ReservationsApi", "ReservationsApi\ReservationsApi.csproj", "{7AFAFBFC-9C9A-4914-99D2-81C31B2556CE}"
EndProject
Project("{FAE04EC0-301F-11D3-BF4B-00C04F79EFBC}") = "ApiGateway", "ApiGateway\ApiGateway.csproj", "{878E3FBA-D89A-4CFA-8977-DF2FB33C5D3F}"
EndProject
Global
	GlobalSection(SolutionConfigurationPlatforms) = preSolution
		Debug|Any CPU = Debug|Any CPU
		Release|Any CPU = Release|Any CPU
	EndGlobalSection
	GlobalSection(ProjectConfigurationPlatforms) = postSolution
		{C87FCB73-3801-43E8-9867-1FB132BC1F6F}.Debug|Any CPU.ActiveCfg = Debug|Any CPU
		{C87FCB73-3801-43E8-9867-1FB132BC1F6F}.Debug|Any CPU.Build.0 = Debug|Any CPU
		{C87FCB73-3801-43E8-9867-1FB132BC1F6F}.Release|Any CPU.ActiveCfg = Release|Any CPU
		{C87FCB73-3801-43E8-9867-1FB132BC1F6F}.Release|Any CPU.Build.0 = Release|Any CPU
		{8E7D931C-0B3B-423F-A180-D4ABF43F62FC}.Debug|Any CPU.ActiveCfg = Debug|Any CPU
		{8E7D931C-0B3B-423F-A180-D4ABF43F62FC}.Debug|Any CPU.Build.0 = Debug|Any CPU
		{8E7D931C-0B3B-423F-A180-D4ABF43F62FC}.Release|Any CPU.ActiveCfg = Release|Any CPU
		{8E7D931C-0B3B-423F-A180-D4ABF43F62FC}.Release|Any CPU.Build.0 = Release|Any CPU
		{7AFAFBFC-9C9A-4914-99D2-81C31B2556CE}.Debug|Any CPU.ActiveCfg = Debug|Any CPU
		{7AFAFBFC-9C9A-4914-99D2-81C31B2556CE}.Debug|Any CPU.Build.0 = Debug|Any CPU
		{7AFAFBFC-9C9A-4914-99D2-81C31B2556CE}.Release|Any CPU.ActiveCfg = Release|Any CPU
		{7AFAFBFC-9C9A-4914-99D2-81C31B2556CE}.Release|Any CPU.Build.0 = Release|Any CPU
		{878E3FBA-D89A-4CFA-8977-DF2FB33C5D3F}.Debug|Any CPU.ActiveCfg = Debug|Any CPU
		{878E3FBA-D89A-4CFA-8977-DF2FB33C5D3F}.Debug|Any CPU.Build.0 = Debug|Any CPU
		{878E3FBA-D89A-4CFA-8977-DF2FB33C5D3F}.Release|Any CPU.ActiveCfg = Release|Any CPU
		{878E3FBA-D89A-4CFA-8977-DF2FB33C5D3F}.Release|Any CPU.Build.0 = Release|Any CPU
	EndGlobalSection
	GlobalSection(SolutionProperties) = preSolution
		HideSolutionNode = FALSE
	EndGlobalSection
	GlobalSection(ExtensibilityGlobals) = postSolution
		SolutionGuid = {D578E454-30BF-4FB7-948C-23A5A69A7A51}
	EndGlobalSection
EndGlobal
